
Microsoft Visual Studio Solution File, Format Version 12.00
# Visual Studio Version 17
VisualStudioVersion = 17.9.34616.47
MinimumVisualStudioVersion = 10.0.40219.1
Project("{FAE04EC0-301F-11D3-BF4B-00C04F79EFBC}") = "GestionaleDipendentiMVC", "GestionaleDipendentiMVC\GestionaleDipendentiMVC.csproj", "{6A1844F3-6B31-4A9D-A40B-0CA76434FB86}"
EndProject
Global
	GlobalSection(SolutionConfigurationPlatforms) = preSolution
		Debug|Any CPU = Debug|Any CPU
		Release|Any CPU = Release|Any CPU
	EndGlobalSection
	GlobalSection(ProjectConfigurationPlatforms) = postSolution
		{6A1844F3-6B31-4A9D-A40B-0CA76434FB86}.Debug|Any CPU.ActiveCfg = Debug|Any CPU
		{6A1844F3-6B31-4A9D-A40B-0CA76434FB86}.Debug|Any CPU.Build.0 = Debug|Any CPU
		{6A1844F3-6B31-4A9D-A40B-0CA76434FB86}.Release|Any CPU.ActiveCfg = Release|Any CPU
		{6A1844F3-6B31-4A9D-A40B-0CA76434FB86}.Release|Any CPU.Build.0 = Release|Any CPU
	EndGlobalSection
	GlobalSection(SolutionProperties) = preSolution
		HideSolutionNode = FALSE
	EndGlobalSection
	GlobalSection(ExtensibilityGlobals) = postSolution
		SolutionGuid = {11E76D54-4755-440B-B6C2-06FDECC40936}
	EndGlobalSection
EndGlobal
